// !$*UTF8*$!
{
	archiveVersion = 1;
	classes = {
	};
	objectVersion = 50;
	objects = {

/* Begin PBXBuildFile section */
		3B8EC17DF5165ECA706C7FDE /* libPods-TestRACStringSequenceTests.a in Frameworks */ = {isa = PBXBuildFile; fileRef = 611B4B5469B5C0AFB9715AD0 /* libPods-TestRACStringSequenceTests.a */; };
		5A14E1082126CBAF006F40E8 /* AppDelegate.m in Sources */ = {isa = PBXBuildFile; fileRef = 5A14E1072126CBAF006F40E8 /* AppDelegate.m */; };
		5A14E10B2126CBAF006F40E8 /* ViewController.m in Sources */ = {isa = PBXBuildFile; fileRef = 5A14E10A2126CBAF006F40E8 /* ViewController.m */; };
		5A14E10E2126CBAF006F40E8 /* Main.storyboard in Resources */ = {isa = PBXBuildFile; fileRef = 5A14E10C2126CBAF006F40E8 /* Main.storyboard */; };
		5A14E1102126CBB2006F40E8 /* Assets.xcassets in Resources */ = {isa = PBXBuildFile; fileRef = 5A14E10F2126CBB2006F40E8 /* Assets.xcassets */; };
		5A14E1132126CBB2006F40E8 /* LaunchScreen.storyboard in Resources */ = {isa = PBXBuildFile; fileRef = 5A14E1112126CBB2006F40E8 /* LaunchScreen.storyboard */; };
		5A14E1162126CBB2006F40E8 /* main.m in Sources */ = {isa = PBXBuildFile; fileRef = 5A14E1152126CBB2006F40E8 /* main.m */; };
		5A14E1202126CBB2006F40E8 /* TestRACStringSequenceTests.m in Sources */ = {isa = PBXBuildFile; fileRef = 5A14E11F2126CBB2006F40E8 /* TestRACStringSequenceTests.m */; };
		5A14E12B2126CBB2006F40E8 /* TestRACStringSequenceUITests.m in Sources */ = {isa = PBXBuildFile; fileRef = 5A14E12A2126CBB2006F40E8 /* TestRACStringSequenceUITests.m */; };
/* End PBXBuildFile section */

/* Begin PBXContainerItemProxy section */
		5A14E11C2126CBB2006F40E8 /* PBXContainerItemProxy */ = {
			isa = PBXContainerItemProxy;
			containerPortal = 5A14E0FB2126CBAF006F40E8 /* Project object */;
			proxyType = 1;
			remoteGlobalIDString = 5A14E1022126CBAF006F40E8;
			remoteInfo = TestRACStringSequence;
		};
		5A14E1272126CBB2006F40E8 /* PBXContainerItemProxy */ = {
			isa = PBXContainerItemProxy;
			containerPortal = 5A14E0FB2126CBAF006F40E8 /* Project object */;
			proxyType = 1;
			remoteGlobalIDString = 5A14E1022126CBAF006F40E8;
			remoteInfo = TestRACStringSequence;
		};
/* End PBXContainerItemProxy section */

/* Begin PBXFileReference section */
		55E676FAB53DDF4C2FAD0E8F /* Pods-TestRACStringSequenceTests.debug.xcconfig */ = {isa = PBXFileReference; includeInIndex = 1; lastKnownFileType = text.xcconfig; name = "Pods-TestRACStringSequenceTests.debug.xcconfig"; path = "Pods/Target Support Files/Pods-TestRACStringSequenceTests/Pods-TestRACStringSequenceTests.debug.xcconfig"; sourceTree = "<group>"; };
		5A14E1032126CBAF006F40E8 /* TestRACStringSequence.app */ = {isa = PBXFileReference; explicitFileType = wrapper.application; includeInIndex = 0; path = TestRACStringSequence.app; sourceTree = BUILT_PRODUCTS_DIR; };
		5A14E1062126CBAF006F40E8 /* AppDelegate.h */ = {isa = PBXFileReference; lastKnownFileType = sourcecode.c.h; path = AppDelegate.h; sourceTree = "<group>"; };
		5A14E1072126CBAF006F40E8 /* AppDelegate.m */ = {isa = PBXFileReference; lastKnownFileType = sourcecode.c.objc; path = AppDelegate.m; sourceTree = "<group>"; };
		5A14E1092126CBAF006F40E8 /* ViewController.h */ = {isa = PBXFileReference; lastKnownFileType = sourcecode.c.h; path = ViewController.h; sourceTree = "<group>"; };
		5A14E10A2126CBAF006F40E8 /* ViewController.m */ = {isa = PBXFileReference; lastKnownFileType = sourcecode.c.objc; path = ViewController.m; sourceTree = "<group>"; };
		5A14E10D2126CBAF006F40E8 /* Base */ = {isa = PBXFileReference; lastKnownFileType = file.storyboard; name = Base; path = Base.lproj/Main.storyboard; sourceTree = "<group>"; };
		5A14E10F2126CBB2006F40E8 /* Assets.xcassets */ = {isa = PBXFileReference; lastKnownFileType = folder.assetcatalog; path = Assets.xcassets; sourceTree = "<group>"; };
		5A14E1122126CBB2006F40E8 /* Base */ = {isa = PBXFileReference; lastKnownFileType = file.storyboard; name = Base; path = Base.lproj/LaunchScreen.storyboard; sourceTree = "<group>"; };
		5A14E1142126CBB2006F40E8 /* Info.plist */ = {isa = PBXFileReference; lastKnownFileType = text.plist.xml; path = Info.plist; sourceTree = "<group>"; };
		5A14E1152126CBB2006F40E8 /* main.m */ = {isa = PBXFileReference; lastKnownFileType = sourcecode.c.objc; path = main.m; sourceTree = "<group>"; };
		5A14E11B2126CBB2006F40E8 /* TestRACStringSequenceTests.xctest */ = {isa = PBXFileReference; explicitFileType = wrapper.cfbundle; includeInIndex = 0; path = TestRACStringSequenceTests.xctest; sourceTree = BUILT_PRODUCTS_DIR; };
		5A14E11F2126CBB2006F40E8 /* TestRACStringSequenceTests.m */ = {isa = PBXFileReference; lastKnownFileType = sourcecode.c.objc; path = TestRACStringSequenceTests.m; sourceTree = "<group>"; };
		5A14E1212126CBB2006F40E8 /* Info.plist */ = {isa = PBXFileReference; lastKnownFileType = text.plist.xml; path = Info.plist; sourceTree = "<group>"; };
		5A14E1262126CBB2006F40E8 /* TestRACStringSequenceUITests.xctest */ = {isa = PBXFileReference; explicitFileType = wrapper.cfbundle; includeInIndex = 0; path = TestRACStringSequenceUITests.xctest; sourceTree = BUILT_PRODUCTS_DIR; };
		5A14E12A2126CBB2006F40E8 /* TestRACStringSequenceUITests.m */ = {isa = PBXFileReference; lastKnownFileType = sourcecode.c.objc; path = TestRACStringSequenceUITests.m; sourceTree = "<group>"; };
		5A14E12C2126CBB2006F40E8 /* Info.plist */ = {isa = PBXFileReference; lastKnownFileType = text.plist.xml; path = Info.plist; sourceTree = "<group>"; };
		611B4B5469B5C0AFB9715AD0 /* libPods-TestRACStringSequenceTests.a */ = {isa = PBXFileReference; explicitFileType = archive.ar; includeInIndex = 0; path = "libPods-TestRACStringSequenceTests.a"; sourceTree = BUILT_PRODUCTS_DIR; };
		8016F4C976B3D1BD71B43911 /* Pods-TestRACStringSequenceTests.release.xcconfig */ = {isa = PBXFileReference; includeInIndex = 1; lastKnownFileType = text.xcconfig; name = "Pods-TestRACStringSequenceTests.release.xcconfig"; path = "Pods/Target Support Files/Pods-TestRACStringSequenceTests/Pods-TestRACStringSequenceTests.release.xcconfig"; sourceTree = "<group>"; };
/* End PBXFileReference section */

/* Begin PBXFrameworksBuildPhase section */
		5A14E1002126CBAF006F40E8 /* Frameworks */ = {
			isa = PBXFrameworksBuildPhase;
			buildActionMask = 2147483647;
			files = (
			);
			runOnlyForDeploymentPostprocessing = 0;
		};
		5A14E1182126CBB2006F40E8 /* Frameworks */ = {
			isa = PBXFrameworksBuildPhase;
			buildActionMask = 2147483647;
			files = (
				3B8EC17DF5165ECA706C7FDE /* libPods-TestRACStringSequenceTests.a in Frameworks */,
			);
			runOnlyForDeploymentPostprocessing = 0;
		};
		5A14E1232126CBB2006F40E8 /* Frameworks */ = {
			isa = PBXFrameworksBuildPhase;
			buildActionMask = 2147483647;
			files = (
			);
			runOnlyForDeploymentPostprocessing = 0;
		};
/* End PBXFrameworksBuildPhase section */

/* Begin PBXGroup section */
		3EBB3D144616BCC83C615D7A /* Frameworks */ = {
			isa = PBXGroup;
			children = (
				611B4B5469B5C0AFB9715AD0 /* libPods-TestRACStringSequenceTests.a */,
			);
			name = Frameworks;
			sourceTree = "<group>";
		};
		5A14E0FA2126CBAF006F40E8 = {
			isa = PBXGroup;
			children = (
				5A14E1052126CBAF006F40E8 /* TestRACStringSequence */,
				5A14E11E2126CBB2006F40E8 /* TestRACStringSequenceTests */,
				5A14E1292126CBB2006F40E8 /* TestRACStringSequenceUITests */,
				5A14E1042126CBAF006F40E8 /* Products */,
				731013774440C9DBABD35FCA /* Pods */,
				3EBB3D144616BCC83C615D7A /* Frameworks */,
			);
			sourceTree = "<group>";
		};
		5A14E1042126CBAF006F40E8 /* Products */ = {
			isa = PBXGroup;
			children = (
				5A14E1032126CBAF006F40E8 /* TestRACStringSequence.app */,
				5A14E11B2126CBB2006F40E8 /* TestRACStringSequenceTests.xctest */,
				5A14E1262126CBB2006F40E8 /* TestRACStringSequenceUITests.xctest */,
			);
			name = Products;
			sourceTree = "<group>";
		};
		5A14E1052126CBAF006F40E8 /* TestRACStringSequence */ = {
			isa = PBXGroup;
			children = (
				5A14E1062126CBAF006F40E8 /* AppDelegate.h */,
				5A14E1072126CBAF006F40E8 /* AppDelegate.m */,
				5A14E1092126CBAF006F40E8 /* ViewController.h */,
				5A14E10A2126CBAF006F40E8 /* ViewController.m */,
				5A14E10C2126CBAF006F40E8 /* Main.storyboard */,
				5A14E10F2126CBB2006F40E8 /* Assets.xcassets */,
				5A14E1112126CBB2006F40E8 /* LaunchScreen.storyboard */,
				5A14E1142126CBB2006F40E8 /* Info.plist */,
				5A14E1152126CBB2006F40E8 /* main.m */,
			);
			path = TestRACStringSequence;
			sourceTree = "<group>";
		};
		5A14E11E2126CBB2006F40E8 /* TestRACStringSequenceTests */ = {
			isa = PBXGroup;
			children = (
				5A14E11F2126CBB2006F40E8 /* TestRACStringSequenceTests.m */,
				5A14E1212126CBB2006F40E8 /* Info.plist */,
			);
			path = TestRACStringSequenceTests;
			sourceTree = "<group>";
		};
		5A14E1292126CBB2006F40E8 /* TestRACStringSequenceUITests */ = {
			isa = PBXGroup;
			children = (
				5A14E12A2126CBB2006F40E8 /* TestRACStringSequenceUITests.m */,
				5A14E12C2126CBB2006F40E8 /* Info.plist */,
			);
			path = TestRACStringSequenceUITests;
			sourceTree = "<group>";
		};
		731013774440C9DBABD35FCA /* Pods */ = {
			isa = PBXGroup;
			children = (
				55E676FAB53DDF4C2FAD0E8F /* Pods-TestRACStringSequenceTests.debug.xcconfig */,
				8016F4C976B3D1BD71B43911 /* Pods-TestRACStringSequenceTests.release.xcconfig */,
			);
			name = Pods;
			sourceTree = "<group>";
		};
/* End PBXGroup section */

/* Begin PBXNativeTarget section */
		5A14E1022126CBAF006F40E8 /* TestRACStringSequence */ = {
			isa = PBXNativeTarget;
			buildConfigurationList = 5A14E12F2126CBB2006F40E8 /* Build configuration list for PBXNativeTarget "TestRACStringSequence" */;
			buildPhases = (
				5A14E0FF2126CBAF006F40E8 /* Sources */,
				5A14E1002126CBAF006F40E8 /* Frameworks */,
				5A14E1012126CBAF006F40E8 /* Resources */,
			);
			buildRules = (
			);
			dependencies = (
			);
			name = TestRACStringSequence;
			productName = TestRACStringSequence;
			productReference = 5A14E1032126CBAF006F40E8 /* TestRACStringSequence.app */;
			productType = "com.apple.product-type.application";
		};
		5A14E11A2126CBB2006F40E8 /* TestRACStringSequenceTests */ = {
			isa = PBXNativeTarget;
			buildConfigurationList = 5A14E1322126CBB2006F40E8 /* Build configuration list for PBXNativeTarget "TestRACStringSequenceTests" */;
			buildPhases = (
				3C00807E141BFF88D510B420 /* [CP] Check Pods Manifest.lock */,
				5A14E1172126CBB2006F40E8 /* Sources */,
				5A14E1182126CBB2006F40E8 /* Frameworks */,
				5A14E1192126CBB2006F40E8 /* Resources */,
			);
			buildRules = (
			);
			dependencies = (
				5A14E11D2126CBB2006F40E8 /* PBXTargetDependency */,
			);
			name = TestRACStringSequenceTests;
			productName = TestRACStringSequenceTests;
			productReference = 5A14E11B2126CBB2006F40E8 /* TestRACStringSequenceTests.xctest */;
			productType = "com.apple.product-type.bundle.unit-test";
		};
		5A14E1252126CBB2006F40E8 /* TestRACStringSequenceUITests */ = {
			isa = PBXNativeTarget;
			buildConfigurationList = 5A14E1352126CBB2006F40E8 /* Build configuration list for PBXNativeTarget "TestRACStringSequenceUITests" */;
			buildPhases = (
				5A14E1222126CBB2006F40E8 /* Sources */,
				5A14E1232126CBB2006F40E8 /* Frameworks */,
				5A14E1242126CBB2006F40E8 /* Resources */,
			);
			buildRules = (
			);
			dependencies = (
				5A14E1282126CBB2006F40E8 /* PBXTargetDependency */,
			);
			name = TestRACStringSequenceUITests;
			productName = TestRACStringSequenceUITests;
			productReference = 5A14E1262126CBB2006F40E8 /* TestRACStringSequenceUITests.xctest */;
			productType = "com.apple.product-type.bundle.ui-testing";
		};
/* End PBXNativeTarget section */

/* Begin PBXProject section */
		5A14E0FB2126CBAF006F40E8 /* Project object */ = {
			isa = PBXProject;
			attributes = {
				LastUpgradeCheck = 0930;
				ORGANIZATIONNAME = ys;
				TargetAttributes = {
					5A14E1022126CBAF006F40E8 = {
						CreatedOnToolsVersion = 9.3.1;
					};
					5A14E11A2126CBB2006F40E8 = {
						CreatedOnToolsVersion = 9.3.1;
						TestTargetID = 5A14E1022126CBAF006F40E8;
					};
					5A14E1252126CBB2006F40E8 = {
						CreatedOnToolsVersion = 9.3.1;
						TestTargetID = 5A14E1022126CBAF006F40E8;
					};
				};
			};
			buildConfigurationList = 5A14E0FE2126CBAF006F40E8 /* Build configuration list for PBXProject "TestRACStringSequence" */;
			compatibilityVersion = "Xcode 9.3";
			developmentRegion = en;
			hasScannedForEncodings = 0;
			knownRegions = (
				en,
				Base,
			);
			mainGroup = 5A14E0FA2126CBAF006F40E8;
			productRefGroup = 5A14E1042126CBAF006F40E8 /* Products */;
			projectDirPath = "";
			projectRoot = "";
			targets = (
				5A14E1022126CBAF006F40E8 /* TestRACStringSequence */,
				5A14E11A2126CBB2006F40E8 /* TestRACStringSequenceTests */,
				5A14E1252126CBB2006F40E8 /* TestRACStringSequenceUITests */,
			);
		};
/* End PBXProject section */

/* Begin PBXResourcesBuildPhase section */
		5A14E1012126CBAF006F40E8 /* Resources */ = {
			isa = PBXResourcesBuildPhase;
			buildActionMask = 2147483647;
			files = (
				5A14E1132126CBB2006F40E8 /* LaunchScreen.storyboard in Resources */,
				5A14E1102126CBB2006F40E8 /* Assets.xcassets in Resources */,
				5A14E10E2126CBAF006F40E8 /* Main.storyboard in Resources */,
			);
			runOnlyForDeploymentPostprocessing = 0;
		};
		5A14E1192126CBB2006F40E8 /* Resources */ = {
			isa = PBXResourcesBuildPhase;
			buildActionMask = 2147483647;
			files = (
			);
			runOnlyForDeploymentPostprocessing = 0;
		};
		5A14E1242126CBB2006F40E8 /* Resources */ = {
			isa = PBXResourcesBuildPhase;
			buildActionMask = 2147483647;
			files = (
			);
			runOnlyForDeploymentPostprocessing = 0;
		};
/* End PBXResourcesBuildPhase section */

/* Begin PBXShellScriptBuildPhase section */
		3C00807E141BFF88D510B420 /* [CP] Check Pods Manifest.lock */ = {
			isa = PBXShellScriptBuildPhase;
			buildActionMask = 2147483647;
			files = (
			);
			inputPaths = (
				"${PODS_PODFILE_DIR_PATH}/Podfile.lock",
				"${PODS_ROOT}/Manifest.lock",
			);
			name = "[CP] Check Pods Manifest.lock";
			outputPaths = (
				"$(DERIVED_FILE_DIR)/Pods-TestRACStringSequenceTests-checkManifestLockResult.txt",
			);
			runOnlyForDeploymentPostprocessing = 0;
			shellPath = /bin/sh;
			shellScript = "diff \"${PODS_PODFILE_DIR_PATH}/Podfile.lock\" \"${PODS_ROOT}/Manifest.lock\" > /dev/null\nif [ $? != 0 ] ; then\n    # print error to STDERR\n    echo \"error: The sandbox is not in sync with the Podfile.lock. Run 'pod install' or update your CocoaPods installation.\" >&2\n    exit 1\nfi\n# This output is used by Xcode 'outputs' to avoid re-running this script phase.\necho \"SUCCESS\" > \"${SCRIPT_OUTPUT_FILE_0}\"\n";
			showEnvVarsInLog = 0;
		};
/* End PBXShellScriptBuildPhase section */

/* Begin PBXSourcesBuildPhase section */
		5A14E0FF2126CBAF006F40E8 /* Sources */ = {
			isa = PBXSourcesBuildPhase;
			buildActionMask = 2147483647;
			files = (
				5A14E10B2126CBAF006F40E8 /* ViewController.m in Sources */,
				5A14E1162126CBB2006F40E8 /* main.m in Sources */,
				5A14E1082126CBAF006F40E8 /* AppDelegate.m in Sources */,
			);
			runOnlyForDeploymentPostprocessing = 0;
		};
		5A14E1172126CBB2006F40E8 /* Sources */ = {
			isa = PBXSourcesBuildPhase;
			buildActionMask = 2147483647;
			files = (
				5A14E1202126CBB2006F40E8 /* TestRACStringSequenceTests.m in Sources */,
			);
			runOnlyForDeploymentPostprocessing = 0;
		};
		5A14E1222126CBB2006F40E8 /* Sources */ = {
			isa = PBXSourcesBuildPhase;
			buildActionMask = 2147483647;
			files = (
				5A14E12B2126CBB2006F40E8 /* TestRACStringSequenceUITests.m in Sources */,
			);
			runOnlyForDeploymentPostprocessing = 0;
		};
/* End PBXSourcesBuildPhase section */

/* Begin PBXTargetDependency section */
		5A14E11D2126CBB2006F40E8 /* PBXTargetDependency */ = {
			isa = PBXTargetDependency;
			target = 5A14E1022126CBAF006F40E8 /* TestRACStringSequence */;
			targetProxy = 5A14E11C2126CBB2006F40E8 /* PBXContainerItemProxy */;
		};
		5A14E1282126CBB2006F40E8 /* PBXTargetDependency */ = {
			isa = PBXTargetDependency;
			target = 5A14E1022126CBAF006F40E8 /* TestRACStringSequence */;
			targetProxy = 5A14E1272126CBB2006F40E8 /* PBXContainerItemProxy */;
		};
/* End PBXTargetDependency section */

/* Begin PBXVariantGroup section */
		5A14E10C2126CBAF006F40E8 /* Main.storyboard */ = {
			isa = PBXVariantGroup;
			children = (
				5A14E10D2126CBAF006F40E8 /* Base */,
			);
			name = Main.storyboard;
			sourceTree = "<group>";
		};
		5A14E1112126CBB2006F40E8 /* LaunchScreen.storyboard */ = {
			isa = PBXVariantGroup;
			children = (
				5A14E1122126CBB2006F40E8 /* Base */,
			);
			name = LaunchScreen.storyboard;
			sourceTree = "<group>";
		};
/* End PBXVariantGroup section */

/* Begin XCBuildConfiguration section */
		5A14E12D2126CBB2006F40E8 /* Debug */ = {
			isa = XCBuildConfiguration;
			buildSettings = {
				ALWAYS_SEARCH_USER_PATHS = NO;
				CLANG_ANALYZER_NONNULL = YES;
				CLANG_ANALYZER_NUMBER_OBJECT_CONVERSION = YES_AGGRESSIVE;
				CLANG_CXX_LANGUAGE_STANDARD = "gnu++14";
				CLANG_CXX_LIBRARY = "libc++";
				CLANG_ENABLE_MODULES = YES;
				CLANG_ENABLE_OBJC_ARC = YES;
				CLANG_ENABLE_OBJC_WEAK = YES;
				CLANG_WARN_BLOCK_CAPTURE_AUTORELEASING = YES;
				CLANG_WARN_BOOL_CONVERSION = YES;
				CLANG_WARN_COMMA = YES;
				CLANG_WARN_CONSTANT_CONVERSION = YES;
				CLANG_WARN_DEPRECATED_OBJC_IMPLEMENTATIONS = YES;
				CLANG_WARN_DIRECT_OBJC_ISA_USAGE = YES_ERROR;
				CLANG_WARN_DOCUMENTATION_COMMENTS = YES;
				CLANG_WARN_EMPTY_BODY = YES;
				CLANG_WARN_ENUM_CONVERSION = YES;
				CLANG_WARN_INFINITE_RECURSION = YES;
				CLANG_WARN_INT_CONVERSION = YES;
				CLANG_WARN_NON_LITERAL_NULL_CONVERSION = YES;
				CLANG_WARN_OBJC_IMPLICIT_RETAIN_SELF = YES;
				CLANG_WARN_OBJC_LITERAL_CONVERSION = YES;
				CLANG_WARN_OBJC_ROOT_CLASS = YES_ERROR;
				CLANG_WARN_RANGE_LOOP_ANALYSIS = YES;
				CLANG_WARN_STRICT_PROTOTYPES = YES;
				CLANG_WARN_SUSPICIOUS_MOVE = YES;
				CLANG_WARN_UNGUARDED_AVAILABILITY = YES_AGGRESSIVE;
				CLANG_WARN_UNREACHABLE_CODE = YES;
				CLANG_WARN__DUPLICATE_METHOD_MATCH = YES;
				CODE_SIGN_IDENTITY = "iPhone Developer";
				COPY_PHASE_STRIP = NO;
				DEBUG_INFORMATION_FORMAT = dwarf;
				ENABLE_STRICT_OBJC_MSGSEND = YES;
				ENABLE_TESTABILITY = YES;
				GCC_C_LANGUAGE_STANDARD = gnu11;
				GCC_DYNAMIC_NO_PIC = NO;
				GCC_NO_COMMON_BLOCKS = YES;
				GCC_OPTIMIZATION_LEVEL = 0;
				GCC_PREPROCESSOR_DEFINITIONS = (
					"DEBUG=1",
					"$(inherited)",
				);
				GCC_WARN_64_TO_32_BIT_CONVERSION = YES;
				GCC_WARN_ABOUT_RETURN_TYPE = YES_ERROR;
				GCC_WARN_UNDECLARED_SELECTOR = YES;
				GCC_WARN_UNINITIALIZED_AUTOS = YES_AGGRESSIVE;
				GCC_WARN_UNUSED_FUNCTION = YES;
				GCC_WARN_UNUSED_VARIABLE = YES;
				IPHONEOS_DEPLOYMENT_TARGET = 11.3;
				MTL_ENABLE_DEBUG_INFO = YES;
				ONLY_ACTIVE_ARCH = YES;
				SDKROOT = iphoneos;
			};
			name = Debug;
		};
		5A14E12E2126CBB2006F40E8 /* Release */ = {
			isa = XCBuildConfiguration;
			buildSettings = {
				ALWAYS_SEARCH_USER_PATHS = NO;
				CLANG_ANALYZER_NONNULL = YES;
				CLANG_ANALYZER_NUMBER_OBJECT_CONVERSION = YES_AGGRESSIVE;
				CLANG_CXX_LANGUAGE_STANDARD = "gnu++14";
				CLANG_CXX_LIBRARY = "libc++";
				CLANG_ENABLE_MODULES = YES;
				CLANG_ENABLE_OBJC_ARC = YES;
				CLANG_ENABLE_OBJC_WEAK = YES;
				CLANG_WARN_BLOCK_CAPTURE_AUTORELEASING = YES;
				CLANG_WARN_BOOL_CONVERSION = YES;
				CLANG_WARN_COMMA = YES;
				CLANG_WARN_CONSTANT_CONVERSION = YES;
				CLANG_WARN_DEPRECATED_OBJC_IMPLEMENTATIONS = YES;
				CLANG_WARN_DIRECT_OBJC_ISA_USAGE = YES_ERROR;
				CLANG_WARN_DOCUMENTATION_COMMENTS = YES;
				CLANG_WARN_EMPTY_BODY = YES;
				CLANG_WARN_ENUM_CONVERSION = YES;
				CLANG_WARN_INFINITE_RECURSION = YES;
				CLANG_WARN_INT_CONVERSION = YES;
				CLANG_WARN_NON_LITERAL_NULL_CONVERSION = YES;
				CLANG_WARN_OBJC_IMPLICIT_RETAIN_SELF = YES;
				CLANG_WARN_OBJC_LITERAL_CONVERSION = YES;
				CLANG_WARN_OBJC_ROOT_CLASS = YES_ERROR;
				CLANG_WARN_RANGE_LOOP_ANALYSIS = YES;
				CLANG_WARN_STRICT_PROTOTYPES = YES;
				CLANG_WARN_SUSPICIOUS_MOVE = YES;
				CLANG_WARN_UNGUARDED_AVAILABILITY = YES_AGGRESSIVE;
				CLANG_WARN_UNREACHABLE_CODE = YES;
				CLANG_WARN__DUPLICATE_METHOD_MATCH = YES;
				CODE_SIGN_IDENTITY = "iPhone Developer";
				COPY_PHASE_STRIP = NO;
				DEBUG_INFORMATION_FORMAT = "dwarf-with-dsym";
				ENABLE_NS_ASSERTIONS = NO;
				ENABLE_STRICT_OBJC_MSGSEND = YES;
				GCC_C_LANGUAGE_STANDARD = gnu11;
				GCC_NO_COMMON_BLOCKS = YES;
				GCC_WARN_64_TO_32_BIT_CONVERSION = YES;
				GCC_WARN_ABOUT_RETURN_TYPE = YES_ERROR;
				GCC_WARN_UNDECLARED_SELECTOR = YES;
				GCC_WARN_UNINITIALIZED_AUTOS = YES_AGGRESSIVE;
				GCC_WARN_UNUSED_FUNCTION = YES;
				GCC_WARN_UNUSED_VARIABLE = YES;
				IPHONEOS_DEPLOYMENT_TARGET = 11.3;
				MTL_ENABLE_DEBUG_INFO = NO;
				SDKROOT = iphoneos;
				VALIDATE_PRODUCT = YES;
			};
			name = Release;
		};
		5A14E1302126CBB2006F40E8 /* Debug */ = {
			isa = XCBuildConfiguration;
			buildSettings = {
				ASSETCATALOG_COMPILER_APPICON_NAME = AppIcon;
				CODE_SIGN_STYLE = Automatic;
				INFOPLIST_FILE = TestRACStringSequence/Info.plist;
				LD_RUNPATH_SEARCH_PATHS = (
					"$(inherited)",
					"@executable_path/Frameworks",
				);
				PRODUCT_BUNDLE_IDENTIFIER = ys.TestRACStringSequence;
				PRODUCT_NAME = "$(TARGET_NAME)";
				TARGETED_DEVICE_FAMILY = "1,2";
			};
			name = Debug;
		};
		5A14E1312126CBB2006F40E8 /* Release */ = {
			isa = XCBuildConfiguration;
			buildSettings = {
				ASSETCATALOG_COMPILER_APPICON_NAME = AppIcon;
				CODE_SIGN_STYLE = Automatic;
				INFOPLIST_FILE = TestRACStringSequence/Info.plist;
				LD_RUNPATH_SEARCH_PATHS = (
					"$(inherited)",
					"@executable_path/Frameworks",
				);
				PRODUCT_BUNDLE_IDENTIFIER = ys.TestRACStringSequence;
				PRODUCT_NAME = "$(TARGET_NAME)";
				TARGETED_DEVICE_FAMILY = "1,2";
			};
			name = Release;
		};
		5A14E1332126CBB2006F40E8 /* Debug */ = {
			isa = XCBuildConfiguration;
			baseConfigurationReference = 55E676FAB53DDF4C2FAD0E8F /* Pods-TestRACStringSequenceTests.debug.xcconfig */;
			buildSettings = {
				BUNDLE_LOADER = "$(TEST_HOST)";
				CODE_SIGN_STYLE = Automatic;
				INFOPLIST_FILE = TestRACStringSequenceTests/Info.plist;
				LD_RUNPATH_SEARCH_PATHS = (
					"$(inherited)",
					"@executable_path/Frameworks",
					"@loader_path/Frameworks",
				);
				PRODUCT_BUNDLE_IDENTIFIER = ys.TestRACStringSequenceTests;
				PRODUCT_NAME = "$(TARGET_NAME)";
				TARGETED_DEVICE_FAMILY = "1,2";
				TEST_HOST = "$(BUILT_PRODUCTS_DIR)/TestRACStringSequence.app/TestRACStringSequence";
			};
			name = Debug;
		};
		5A14E1342126CBB2006F40E8 /* Release */ = {
			isa = XCBuildConfiguration;
			baseConfigurationReference = 8016F4C976B3D1BD71B43911 /* Pods-TestRACStringSequenceTests.release.xcconfig */;
			buildSettings = {
				BUNDLE_LOADER = "$(TEST_HOST)";
				CODE_SIGN_STYLE = Automatic;
				INFOPLIST_FILE = TestRACStringSequenceTests/Info.plist;
				LD_RUNPATH_SEARCH_PATHS = (
					"$(inherited)",
					"@executable_path/Frameworks",
					"@loader_path/Frameworks",
				);
				PRODUCT_BUNDLE_IDENTIFIER = ys.TestRACStringSequenceTests;
				PRODUCT_NAME = "$(TARGET_NAME)";
				TARGETED_DEVICE_FAMILY = "1,2";
				TEST_HOST = "$(BUILT_PRODUCTS_DIR)/TestRACStringSequence.app/TestRACStringSequence";
			};
			name = Release;
		};
		5A14E1362126CBB2006F40E8 /* Debug */ = {
			isa = XCBuildConfiguration;
			buildSettings = {
				CODE_SIGN_STYLE = Automatic;
				INFOPLIST_FILE = TestRACStringSequenceUITests/Info.plist;
				LD_RUNPATH_SEARCH_PATHS = (
					"$(inherited)",
					"@executable_path/Frameworks",
					"@loader_path/Frameworks",
				);
				PRODUCT_BUNDLE_IDENTIFIER = ys.TestRACStringSequenceUITests;
				PRODUCT_NAME = "$(TARGET_NAME)";
				TARGETED_DEVICE_FAMILY = "1,2";
				TEST_TARGET_NAME = TestRACStringSequence;
			};
			name = Debug;
		};
		5A14E1372126CBB2006F40E8 /* Release */ = {
			isa = XCBuildConfiguration;
			buildSettings = {
				CODE_SIGN_STYLE = Automatic;
				INFOPLIST_FILE = TestRACStringSequenceUITests/Info.plist;
				LD_RUNPATH_SEARCH_PATHS = (
					"$(inherited)",
					"@executable_path/Frameworks",
					"@loader_path/Frameworks",
				);
				PRODUCT_BUNDLE_IDENTIFIER = ys.TestRACStringSequenceUITests;
				PRODUCT_NAME = "$(TARGET_NAME)";
				TARGETED_DEVICE_FAMILY = "1,2";
				TEST_TARGET_NAME = TestRACStringSequence;
			};
			name = Release;
		};
/* End XCBuildConfiguration section */

/* Begin XCConfigurationList section */
		5A14E0FE2126CBAF006F40E8 /* Build configuration list for PBXProject "TestRACStringSequence" */ = {
			isa = XCConfigurationList;
			buildConfigurations = (
				5A14E12D2126CBB2006F40E8 /* Debug */,
				5A14E12E2126CBB2006F40E8 /* Release */,
			);
			defaultConfigurationIsVisible = 0;
			defaultConfigurationName = Release;
		};
		5A14E12F2126CBB2006F40E8 /* Build configuration list for PBXNativeTarget "TestRACStringSequence" */ = {
			isa = XCConfigurationList;
			buildConfigurations = (
				5A14E1302126CBB2006F40E8 /* Debug */,
				5A14E1312126CBB2006F40E8 /* Release */,
			);
			defaultConfigurationIsVisible = 0;
			defaultConfigurationName = Release;
		};
		5A14E1322126CBB2006F40E8 /* Build configuration list for PBXNativeTarget "TestRACStringSequenceTests" */ = {
			isa = XCConfigurationList;
			buildConfigurations = (
				5A14E1332126CBB2006F40E8 /* Debug */,
				5A14E1342126CBB2006F40E8 /* Release */,
			);
			defaultConfigurationIsVisible = 0;
			defaultConfigurationName = Release;
		};
		5A14E1352126CBB2006F40E8 /* Build configuration list for PBXNativeTarget "TestRACStringSequenceUITests" */ = {
			isa = XCConfigurationList;
			buildConfigurations = (
				5A14E1362126CBB2006F40E8 /* Debug */,
				5A14E1372126CBB2006F40E8 /* Release */,
			);
			defaultConfigurationIsVisible = 0;
			defaultConfigurationName = Release;
		};
/* End XCConfigurationList section */
	};
	rootObject = 5A14E0FB2126CBAF006F40E8 /* Project object */;
}
